
Microsoft Visual Studio Solution File, Format Version 12.00
# Visual Studio Version 16
VisualStudioVersion = 16.0.31229.75
MinimumVisualStudioVersion = 10.0.40219.1
Project("{FAE04EC0-301F-11D3-BF4B-00C04F79EFBC}") = "TP -4 V2", "TP -4 V2\TP -4 V2.csproj", "{E50D35ED-B92B-4DCE-936D-5A34BF9AD00E}"
EndProject
Global
	GlobalSection(SolutionConfigurationPlatforms) = preSolution
		Debug|Any CPU = Debug|Any CPU
		Release|Any CPU = Release|Any CPU
	EndGlobalSection
	GlobalSection(ProjectConfigurationPlatforms) = postSolution
		{E50D35ED-B92B-4DCE-936D-5A34BF9AD00E}.Debug|Any CPU.ActiveCfg = Debug|Any CPU
		{E50D35ED-B92B-4DCE-936D-5A34BF9AD00E}.Debug|Any CPU.Build.0 = Debug|Any CPU
		{E50D35ED-B92B-4DCE-936D-5A34BF9AD00E}.Release|Any CPU.ActiveCfg = Release|Any CPU
		{E50D35ED-B92B-4DCE-936D-5A34BF9AD00E}.Release|Any CPU.Build.0 = Release|Any CPU
	EndGlobalSection
	GlobalSection(SolutionProperties) = preSolution
		HideSolutionNode = FALSE
	EndGlobalSection
	GlobalSection(ExtensibilityGlobals) = postSolution
		SolutionGuid = {DD0CE156-A1EE-4795-8C70-C3D47E37CC1C}
	EndGlobalSection
EndGlobal
