
Microsoft Visual Studio Solution File, Format Version 12.00
# Visual Studio Version 16
VisualStudioVersion = 16.0.31229.75
MinimumVisualStudioVersion = 10.0.40219.1
Project("{FAE04EC0-301F-11D3-BF4B-00C04F79EFBC}") = "TP-4(VERSION3)", "TP-4(VERSION3)\TP-4(VERSION3).csproj", "{E5BD3BC9-319A-4B94-913B-7E61C54591DE}"
EndProject
Global
	GlobalSection(SolutionConfigurationPlatforms) = preSolution
		Debug|Any CPU = Debug|Any CPU
		Release|Any CPU = Release|Any CPU
	EndGlobalSection
	GlobalSection(ProjectConfigurationPlatforms) = postSolution
		{E5BD3BC9-319A-4B94-913B-7E61C54591DE}.Debug|Any CPU.ActiveCfg = Debug|Any CPU
		{E5BD3BC9-319A-4B94-913B-7E61C54591DE}.Debug|Any CPU.Build.0 = Debug|Any CPU
		{E5BD3BC9-319A-4B94-913B-7E61C54591DE}.Release|Any CPU.ActiveCfg = Release|Any CPU
		{E5BD3BC9-319A-4B94-913B-7E61C54591DE}.Release|Any CPU.Build.0 = Release|Any CPU
	EndGlobalSection
	GlobalSection(SolutionProperties) = preSolution
		HideSolutionNode = FALSE
	EndGlobalSection
	GlobalSection(ExtensibilityGlobals) = postSolution
		SolutionGuid = {BD630597-BEFA-4BFB-8A64-994EB4A90B48}
	EndGlobalSection
EndGlobal
